
Microsoft Visual Studio Solution File, Format Version 12.00
# Visual Studio 14
VisualStudioVersion = 14.0.25420.1
MinimumVisualStudioVersion = 10.0.40219.1
Project("{FAE04EC0-301F-11D3-BF4B-00C04F79EFBC}") = "DynamicMvcStage.Core", "src\DynamicMvcStage.Core\DynamicMvcStage.Core.csproj", "{E16B36A1-C365-49AD-89BA-CEFFD42F5E08}"
EndProject
Project("{FAE04EC0-301F-11D3-BF4B-00C04F79EFBC}") = "DynamicMvcStage.Test", "test\DynamicMvcStage.Test\DynamicMvcStage.Test.csproj", "{0E4F371C-6C7C-427F-B0F6-66325D0B812C}"
EndProject
Project("{2150E333-8FDC-42A3-9474-1A3956D46DE8}") = "src", "src", "{A4F00425-8284-4093-AF3A-B88BE4470D6E}"
EndProject
Project("{2150E333-8FDC-42A3-9474-1A3956D46DE8}") = "test", "test", "{536C70A1-F6F1-4833-961B-E8F3315692A2}"
EndProject
Project("{FAE04EC0-301F-11D3-BF4B-00C04F79EFBC}") = "DynamicMvcStage.Sample", "src\DynamicMvcStage.Sample\DynamicMvcStage.Sample.csproj", "{61057EDF-84CE-467B-B152-CE3E3D7D3E31}"
EndProject
Global
	GlobalSection(SolutionConfigurationPlatforms) = preSolution
		Debug|Any CPU = Debug|Any CPU
		Release|Any CPU = Release|Any CPU
	EndGlobalSection
	GlobalSection(ProjectConfigurationPlatforms) = postSolution
		{E16B36A1-C365-49AD-89BA-CEFFD42F5E08}.Debug|Any CPU.ActiveCfg = Debug|Any CPU
		{E16B36A1-C365-49AD-89BA-CEFFD42F5E08}.Debug|Any CPU.Build.0 = Debug|Any CPU
		{E16B36A1-C365-49AD-89BA-CEFFD42F5E08}.Release|Any CPU.ActiveCfg = Release|Any CPU
		{E16B36A1-C365-49AD-89BA-CEFFD42F5E08}.Release|Any CPU.Build.0 = Release|Any CPU
		{0E4F371C-6C7C-427F-B0F6-66325D0B812C}.Debug|Any CPU.ActiveCfg = Debug|Any CPU
		{0E4F371C-6C7C-427F-B0F6-66325D0B812C}.Debug|Any CPU.Build.0 = Debug|Any CPU
		{0E4F371C-6C7C-427F-B0F6-66325D0B812C}.Release|Any CPU.ActiveCfg = Release|Any CPU
		{0E4F371C-6C7C-427F-B0F6-66325D0B812C}.Release|Any CPU.Build.0 = Release|Any CPU
		{61057EDF-84CE-467B-B152-CE3E3D7D3E31}.Debug|Any CPU.ActiveCfg = Debug|Any CPU
		{61057EDF-84CE-467B-B152-CE3E3D7D3E31}.Debug|Any CPU.Build.0 = Debug|Any CPU
		{61057EDF-84CE-467B-B152-CE3E3D7D3E31}.Release|Any CPU.ActiveCfg = Release|Any CPU
		{61057EDF-84CE-467B-B152-CE3E3D7D3E31}.Release|Any CPU.Build.0 = Release|Any CPU
	EndGlobalSection
	GlobalSection(SolutionProperties) = preSolution
		HideSolutionNode = FALSE
	EndGlobalSection
	GlobalSection(NestedProjects) = preSolution
		{E16B36A1-C365-49AD-89BA-CEFFD42F5E08} = {A4F00425-8284-4093-AF3A-B88BE4470D6E}
		{0E4F371C-6C7C-427F-B0F6-66325D0B812C} = {536C70A1-F6F1-4833-961B-E8F3315692A2}
		{61057EDF-84CE-467B-B152-CE3E3D7D3E31} = {A4F00425-8284-4093-AF3A-B88BE4470D6E}
	EndGlobalSection
EndGlobal
